
Microsoft Visual Studio Solution File, Format Version 12.00
# Visual Studio Version 17
VisualStudioVersion = 17.2.32519.379
MinimumVisualStudioVersion = 10.0.40219.1
Project("{FAE04EC0-301F-11D3-BF4B-00C04F79EFBC}") = "TerraVerde", "TerraVerde\TerraVerde.csproj", "{0BFDC720-22EA-4538-8F84-A7593F09A88A}"
EndProject
Global
	GlobalSection(SolutionConfigurationPlatforms) = preSolution
		Debug|Any CPU = Debug|Any CPU
		Release|Any CPU = Release|Any CPU
	EndGlobalSection
	GlobalSection(ProjectConfigurationPlatforms) = postSolution
		{0BFDC720-22EA-4538-8F84-A7593F09A88A}.Debug|Any CPU.ActiveCfg = Debug|Any CPU
		{0BFDC720-22EA-4538-8F84-A7593F09A88A}.Debug|Any CPU.Build.0 = Debug|Any CPU
		{0BFDC720-22EA-4538-8F84-A7593F09A88A}.Release|Any CPU.ActiveCfg = Release|Any CPU
		{0BFDC720-22EA-4538-8F84-A7593F09A88A}.Release|Any CPU.Build.0 = Release|Any CPU
	EndGlobalSection
	GlobalSection(SolutionProperties) = preSolution
		HideSolutionNode = FALSE
	EndGlobalSection
	GlobalSection(ExtensibilityGlobals) = postSolution
		SolutionGuid = {966502B4-FC3D-4CE9-8035-1808B023970B}
	EndGlobalSection
EndGlobal
